{
  "nodes": {
    "agent-distro": {
      "inputs": {
        "nixpkgs": "nixpkgs"
      },
      "locked": {
        "path": "..",
        "type": "path"
      },
      "original": {
        "path": "..",
        "type": "path"
      },
      "parent": []
    },
    "home-manager": {
      "inputs": {
        "nixpkgs": [
          "agent-distro",
          "nixpkgs"
        ]
      },
      "locked": {
        "lastModified": 1791484883,
        "narHash": "sha256-iKxFHJrg7Sltwhq3ssCZYQ4CFEDVvReVVuVuO9dj3sE=",
        "owner": "nix-community",
        "repo": "home-manager",
        "rev": "dfadbe5162d5e86bc0808badec8f346f81b4b3f0",
        "type": "github"
      },
      "original": {
        "owner": "nix-community",
        "repo": "home-manager",
        "type": "github"
      }
    },
    "juspay-skills": {
      "flake": false,
      "locked": {
        "lastModified": 1791494896,
        "narHash": "sha256-NlviupfrpfTvwAVV1+1yCDqvwW48/KnfItSPQlgGgHQ=",
        "owner": "juspay",
        "repo": "skills",
        "rev": "73c07841b30a779fc84ce497249c35b13353b415",
        "type": "github"
      },
      "original": {
        "owner": "juspay",
        "repo": "skills",
        "type": "github"
      }
    },
    "kolu": {
      "flake": false,
      "locked": {
        "lastModified": 1791560218,
        "narHash": "sha256-JumdkYCZxM7L+aA7X5EEyD1afrVuBLjJ0VvRF2XNpio=",
        "owner": "juspay",
        "repo": "kolu",
        "rev": "7d821782d868acb0e20aa447211f4a879cb8a333",
        "type": "github"
      },
      "original": {
        "owner": "juspay",
        "repo": "kolu",
        "type": "github"
      }
    },
    "nixpkgs": {
      "locked": {
        "lastModified": 1791456040,
        "narHash": "sha256-H83yz/do+hjOO0uujHyH8RgtIQP2v7Mw+cLwcZK/xKc=",
        "owner": "NixOS",
        "repo": "nixpkgs",
        "rev": "e7439b6b14ad3cc35d05608ebca9bce01a25f5f8",
        "type": "github"
      },
      "original": {
        "owner": "NixOS",
        "ref": "nixos-unstable",
        "repo": "nixpkgs",
        "type": "github"
      }
    },
    "root": {
      "inputs": {
        "agent-distro": "agent-distro",
        "home-manager": "home-manager",
        "juspay-skills": "juspay-skills",
        "kolu": "kolu",
        "nixpkgs": [
          "agent-distro",
          "nixpkgs"
        ]
      }
    }
  },
  "root": "root",
  "version": 7
}
