{
  "nodes": {
    "agent-distro": {
      "inputs": {
        "nixpkgs": "nixpkgs"
      },
      "locked": {
        "path": "..",
        "type": "path"
      },
      "original": {
        "path": "..",
        "type": "path"
      },
      "parent": []
    },
    "home-manager": {
      "inputs": {
        "nixpkgs": [
          "agent-distro",
          "nixpkgs"
        ]
      },
      "locked": {
        "lastModified": 1791569574,
        "narHash": "sha256-5sViLmjhTCtBTvhjSXXvd5LDrAFMydFFKZQisjE8Vds=",
        "owner": "nix-community",
        "repo": "home-manager",
        "rev": "6b88c12cc6d234de4888f5d21076fb11199d0844",
        "type": "github"
      },
      "original": {
        "owner": "nix-community",
        "repo": "home-manager",
        "type": "github"
      }
    },
    "juspay-skills": {
      "flake": false,
      "locked": {
        "lastModified": 1791582531,
        "narHash": "sha256-yD0hhuiFs9ZWBvGyU2JFQ+1ihCSeDqmWuiYpy0mUlKA=",
        "owner": "juspay",
        "repo": "skills",
        "rev": "9a4a396af7f4796eb6883d3559ee18660d52b71d",
        "type": "github"
      },
      "original": {
        "owner": "juspay",
        "repo": "skills",
        "type": "github"
      }
    },
    "kolu": {
      "flake": false,
      "locked": {
        "lastModified": 1791581967,
        "narHash": "sha256-AomwClWreVvlgJZ8VdNS8bsQYqs+rNkQniWz+rANI/Y=",
        "owner": "juspay",
        "repo": "kolu",
        "rev": "897b524999ddc478e4d49b8346b2ef832f96bf1d",
        "type": "github"
      },
      "original": {
        "owner": "juspay",
        "repo": "kolu",
        "type": "github"
      }
    },
    "nixpkgs": {
      "locked": {
        "lastModified": 1791456040,
        "narHash": "sha256-H83yz/do+hjOO0uujHyH8RgtIQP2v7Mw+cLwcZK/xKc=",
        "owner": "NixOS",
        "repo": "nixpkgs",
        "rev": "e7439b6b14ad3cc35d05608ebca9bce01a25f5f8",
        "type": "github"
      },
      "original": {
        "owner": "NixOS",
        "ref": "nixos-unstable",
        "repo": "nixpkgs",
        "type": "github"
      }
    },
    "root": {
      "inputs": {
        "agent-distro": "agent-distro",
        "home-manager": "home-manager",
        "juspay-skills": "juspay-skills",
        "kolu": "kolu",
        "nixpkgs": [
          "agent-distro",
          "nixpkgs"
        ]
      }
    }
  },
  "root": "root",
  "version": 7
}
